
Microsoft Visual Studio Solution File, Format Version 11.00
# Visual Studio 2010
Project("{FAE04EC0-301F-11D3-BF4B-00C04F79EFBC}") = "Assembly-CSharp", "Assembly-CSharp.csproj", "{9faad3f5-12ac-1ead-ae0f-f5129e9bf342}"
EndProject
Project("{FAE04EC0-301F-11D3-BF4B-00C04F79EFBC}") = "Assembly-CSharp-firstpass", "Assembly-CSharp-firstpass.csproj", "{2fd6ffc4-6196-8ae1-9219-624ae3445cd8}"
EndProject
Project("{FAE04EC0-301F-11D3-BF4B-00C04F79EFBC}") = "Substance.EditorHelper", "Substance.EditorHelper.csproj", "{b5794640-5bb1-c32e-d4c8-2f07f7b52391}"
EndProject
Project("{FAE04EC0-301F-11D3-BF4B-00C04F79EFBC}") = "Substance.Platform", "Substance.Platform.csproj", "{ed76ffb0-258f-dcfb-c7a3-50862cde8a24}"
EndProject
Project("{FAE04EC0-301F-11D3-BF4B-00C04F79EFBC}") = "Assembly-CSharp-Editor-firstpass", "Assembly-CSharp-Editor-firstpass.csproj", "{c1293de1-12fa-f9cc-8868-2f1941cb822c}"
EndProject
Project("{FAE04EC0-301F-11D3-BF4B-00C04F79EFBC}") = "Assembly-CSharp-Editor", "Assembly-CSharp-Editor.csproj", "{c9d8c703-ab9a-5206-94f5-e2c05b57b483}"
EndProject
Global
	GlobalSection(SolutionConfigurationPlatforms) = preSolution
		Debug|Any CPU = Debug|Any CPU
		Release|Any CPU = Release|Any CPU
	EndGlobalSection
	GlobalSection(ProjectConfigurationPlatforms) = postSolution
		{9faad3f5-12ac-1ead-ae0f-f5129e9bf342}.Debug|Any CPU.ActiveCfg = Debug|Any CPU
		{9faad3f5-12ac-1ead-ae0f-f5129e9bf342}.Debug|Any CPU.Build.0 = Debug|Any CPU
		{9faad3f5-12ac-1ead-ae0f-f5129e9bf342}.Release|Any CPU.ActiveCfg = Release|Any CPU
		{9faad3f5-12ac-1ead-ae0f-f5129e9bf342}.Release|Any CPU.Build.0 = Release|Any CPU
		{2fd6ffc4-6196-8ae1-9219-624ae3445cd8}.Debug|Any CPU.ActiveCfg = Debug|Any CPU
		{2fd6ffc4-6196-8ae1-9219-624ae3445cd8}.Debug|Any CPU.Build.0 = Debug|Any CPU
		{2fd6ffc4-6196-8ae1-9219-624ae3445cd8}.Release|Any CPU.ActiveCfg = Release|Any CPU
		{2fd6ffc4-6196-8ae1-9219-624ae3445cd8}.Release|Any CPU.Build.0 = Release|Any CPU
		{b5794640-5bb1-c32e-d4c8-2f07f7b52391}.Debug|Any CPU.ActiveCfg = Debug|Any CPU
		{b5794640-5bb1-c32e-d4c8-2f07f7b52391}.Debug|Any CPU.Build.0 = Debug|Any CPU
		{b5794640-5bb1-c32e-d4c8-2f07f7b52391}.Release|Any CPU.ActiveCfg = Release|Any CPU
		{b5794640-5bb1-c32e-d4c8-2f07f7b52391}.Release|Any CPU.Build.0 = Release|Any CPU
		{ed76ffb0-258f-dcfb-c7a3-50862cde8a24}.Debug|Any CPU.ActiveCfg = Debug|Any CPU
		{ed76ffb0-258f-dcfb-c7a3-50862cde8a24}.Debug|Any CPU.Build.0 = Debug|Any CPU
		{ed76ffb0-258f-dcfb-c7a3-50862cde8a24}.Release|Any CPU.ActiveCfg = Release|Any CPU
		{ed76ffb0-258f-dcfb-c7a3-50862cde8a24}.Release|Any CPU.Build.0 = Release|Any CPU
		{c1293de1-12fa-f9cc-8868-2f1941cb822c}.Debug|Any CPU.ActiveCfg = Debug|Any CPU
		{c1293de1-12fa-f9cc-8868-2f1941cb822c}.Debug|Any CPU.Build.0 = Debug|Any CPU
		{c1293de1-12fa-f9cc-8868-2f1941cb822c}.Release|Any CPU.ActiveCfg = Release|Any CPU
		{c1293de1-12fa-f9cc-8868-2f1941cb822c}.Release|Any CPU.Build.0 = Release|Any CPU
		{c9d8c703-ab9a-5206-94f5-e2c05b57b483}.Debug|Any CPU.ActiveCfg = Debug|Any CPU
		{c9d8c703-ab9a-5206-94f5-e2c05b57b483}.Debug|Any CPU.Build.0 = Debug|Any CPU
		{c9d8c703-ab9a-5206-94f5-e2c05b57b483}.Release|Any CPU.ActiveCfg = Release|Any CPU
		{c9d8c703-ab9a-5206-94f5-e2c05b57b483}.Release|Any CPU.Build.0 = Release|Any CPU
	EndGlobalSection
	GlobalSection(SolutionProperties) = preSolution
		HideSolutionNode = FALSE
	EndGlobalSection
EndGlobal
